
Microsoft Visual Studio Solution File, Format Version 12.00
# Visual Studio 15
VisualStudioVersion = 15.0.28307.102
MinimumVisualStudioVersion = 10.0.40219.1
Project("{FAE04EC0-301F-11D3-BF4B-00C04F79EFBC}") = "clsReinforcementLearning", "clsReinforcementLearning\clsReinforcementLearning.csproj", "{E5D96EA0-4B7E-4096-918E-F25637FEA74D}"
EndProject
Global
	GlobalSection(SolutionConfigurationPlatforms) = preSolution
		Debug|Any CPU = Debug|Any CPU
		Release|Any CPU = Release|Any CPU
	EndGlobalSection
	GlobalSection(ProjectConfigurationPlatforms) = postSolution
		{E5D96EA0-4B7E-4096-918E-F25637FEA74D}.Debug|Any CPU.ActiveCfg = Debug|Any CPU
		{E5D96EA0-4B7E-4096-918E-F25637FEA74D}.Debug|Any CPU.Build.0 = Debug|Any CPU
		{E5D96EA0-4B7E-4096-918E-F25637FEA74D}.Release|Any CPU.ActiveCfg = Release|Any CPU
		{E5D96EA0-4B7E-4096-918E-F25637FEA74D}.Release|Any CPU.Build.0 = Release|Any CPU
	EndGlobalSection
	GlobalSection(SolutionProperties) = preSolution
		HideSolutionNode = FALSE
	EndGlobalSection
	GlobalSection(ExtensibilityGlobals) = postSolution
		SolutionGuid = {C2234705-FF6B-4B33-9F43-27A6B46EB8D9}
	EndGlobalSection
EndGlobal
